
Microsoft Visual Studio Solution File, Format Version 12.00
# Visual Studio Version 16
VisualStudioVersion = 16.0.29123.88
MinimumVisualStudioVersion = 10.0.40219.1
Project("{FAE04EC0-301F-11D3-BF4B-00C04F79EFBC}") = "OnlineExam", "OnlineExam.csproj", "{B182815A-A6EF-4A9A-BBE4-FBDAF18B7E15}"
EndProject
Global
	GlobalSection(SolutionConfigurationPlatforms) = preSolution
		Debug|Any CPU = Debug|Any CPU
		Release|Any CPU = Release|Any CPU
	EndGlobalSection
	GlobalSection(ProjectConfigurationPlatforms) = postSolution
		{B182815A-A6EF-4A9A-BBE4-FBDAF18B7E15}.Debug|Any CPU.ActiveCfg = Debug|Any CPU
		{B182815A-A6EF-4A9A-BBE4-FBDAF18B7E15}.Debug|Any CPU.Build.0 = Debug|Any CPU
		{B182815A-A6EF-4A9A-BBE4-FBDAF18B7E15}.Release|Any CPU.ActiveCfg = Release|Any CPU
		{B182815A-A6EF-4A9A-BBE4-FBDAF18B7E15}.Release|Any CPU.Build.0 = Release|Any CPU
	EndGlobalSection
	GlobalSection(SolutionProperties) = preSolution
		HideSolutionNode = FALSE
	EndGlobalSection
	GlobalSection(ExtensibilityGlobals) = postSolution
		SolutionGuid = {00DF784A-DAAC-4992-BA97-D50FD92DB847}
	EndGlobalSection
EndGlobal
